
Microsoft Visual Studio Solution File, Format Version 12.00
# Visual Studio 15
VisualStudioVersion = 15.0.26730.15
MinimumVisualStudioVersion = 10.0.40219.1
Project("{FAE04EC0-301F-11D3-BF4B-00C04F79EFBC}") = "XamarinMarketPlace.Android", "XamarinMarketPlace\XamarinMarketPlace.Android\XamarinMarketPlace.Android.csproj", "{0C9730D7-1E29-4BD3-AB53-78D413B7B2E3}"
EndProject
Project("{FAE04EC0-301F-11D3-BF4B-00C04F79EFBC}") = "XamarinMarketPlace", "XamarinMarketPlace\XamarinMarketPlace\XamarinMarketPlace.csproj", "{F9A5A92E-82BF-4680-87EC-A53C5A0C946B}"
EndProject
Project("{FAE04EC0-301F-11D3-BF4B-00C04F79EFBC}") = "XamarinMarketPlace.UWP", "XamarinMarketPlace\XamarinMarketPlace.UWP\XamarinMarketPlace.UWP.csproj", "{ED49CB02-3C78-4EDF-B1CD-A839915951C8}"
EndProject
Project("{FAE04EC0-301F-11D3-BF4B-00C04F79EFBC}") = "XamarinMarketPlace.iOS", "XamarinMarketPlace\XamarinMarketPlace.iOS\XamarinMarketPlace.iOS.csproj", "{C9C8CED0-2ED7-4476-AF2D-25651FCB0378}"
EndProject
Global
	GlobalSection(SolutionConfigurationPlatforms) = preSolution
		Ad-Hoc|Any CPU = Ad-Hoc|Any CPU
		Ad-Hoc|ARM = Ad-Hoc|ARM
		Ad-Hoc|iPhone = Ad-Hoc|iPhone
		Ad-Hoc|iPhoneSimulator = Ad-Hoc|iPhoneSimulator
		Ad-Hoc|x64 = Ad-Hoc|x64
		Ad-Hoc|x86 = Ad-Hoc|x86
		AppStore|Any CPU = AppStore|Any CPU
		AppStore|ARM = AppStore|ARM
		AppStore|iPhone = AppStore|iPhone
		AppStore|iPhoneSimulator = AppStore|iPhoneSimulator
		AppStore|x64 = AppStore|x64
		AppStore|x86 = AppStore|x86
		Debug|Any CPU = Debug|Any CPU
		Debug|ARM = Debug|ARM
		Debug|iPhone = Debug|iPhone
		Debug|iPhoneSimulator = Debug|iPhoneSimulator
		Debug|x64 = Debug|x64
		Debug|x86 = Debug|x86
		Release|Any CPU = Release|Any CPU
		Release|ARM = Release|ARM
		Release|iPhone = Release|iPhone
		Release|iPhoneSimulator = Release|iPhoneSimulator
		Release|x64 = Release|x64
		Release|x86 = Release|x86
	EndGlobalSection
	GlobalSection(ProjectConfigurationPlatforms) = postSolution
		{0C9730D7-1E29-4BD3-AB53-78D413B7B2E3}.Ad-Hoc|Any CPU.ActiveCfg = Release|Any CPU
		{0C9730D7-1E29-4BD3-AB53-78D413B7B2E3}.Ad-Hoc|Any CPU.Build.0 = Release|Any CPU
		{0C9730D7-1E29-4BD3-AB53-78D413B7B2E3}.Ad-Hoc|Any CPU.Deploy.0 = Release|Any CPU
		{0C9730D7-1E29-4BD3-AB53-78D413B7B2E3}.Ad-Hoc|ARM.ActiveCfg = Release|Any CPU
		{0C9730D7-1E29-4BD3-AB53-78D413B7B2E3}.Ad-Hoc|ARM.Build.0 = Release|Any CPU
		{0C9730D7-1E29-4BD3-AB53-78D413B7B2E3}.Ad-Hoc|ARM.Deploy.0 = Release|Any CPU
		{0C9730D7-1E29-4BD3-AB53-78D413B7B2E3}.Ad-Hoc|iPhone.ActiveCfg = Release|Any CPU
		{0C9730D7-1E29-4BD3-AB53-78D413B7B2E3}.Ad-Hoc|iPhone.Build.0 = Release|Any CPU
		{0C9730D7-1E29-4BD3-AB53-78D413B7B2E3}.Ad-Hoc|iPhone.Deploy.0 = Release|Any CPU
		{0C9730D7-1E29-4BD3-AB53-78D413B7B2E3}.Ad-Hoc|iPhoneSimulator.ActiveCfg = Release|Any CPU
		{0C9730D7-1E29-4BD3-AB53-78D413B7B2E3}.Ad-Hoc|iPhoneSimulator.Build.0 = Release|Any CPU
		{0C9730D7-1E29-4BD3-AB53-78D413B7B2E3}.Ad-Hoc|iPhoneSimulator.Deploy.0 = Release|Any CPU
		{0C9730D7-1E29-4BD3-AB53-78D413B7B2E3}.Ad-Hoc|x64.ActiveCfg = Release|Any CPU
		{0C9730D7-1E29-4BD3-AB53-78D413B7B2E3}.Ad-Hoc|x64.Build.0 = Release|Any CPU
		{0C9730D7-1E29-4BD3-AB53-78D413B7B2E3}.Ad-Hoc|x64.Deploy.0 = Release|Any CPU
		{0C9730D7-1E29-4BD3-AB53-78D413B7B2E3}.Ad-Hoc|x86.ActiveCfg = Release|Any CPU
		{0C9730D7-1E29-4BD3-AB53-78D413B7B2E3}.Ad-Hoc|x86.Build.0 = Release|Any CPU
		{0C9730D7-1E29-4BD3-AB53-78D413B7B2E3}.Ad-Hoc|x86.Deploy.0 = Release|Any CPU
		{0C9730D7-1E29-4BD3-AB53-78D413B7B2E3}.AppStore|Any CPU.ActiveCfg = Release|Any CPU
		{0C9730D7-1E29-4BD3-AB53-78D413B7B2E3}.AppStore|Any CPU.Build.0 = Release|Any CPU
		{0C9730D7-1E29-4BD3-AB53-78D413B7B2E3}.AppStore|Any CPU.Deploy.0 = Release|Any CPU
		{0C9730D7-1E29-4BD3-AB53-78D413B7B2E3}.AppStore|ARM.ActiveCfg = Release|Any CPU
		{0C9730D7-1E29-4BD3-AB53-78D413B7B2E3}.AppStore|ARM.Build.0 = Release|Any CPU
		{0C9730D7-1E29-4BD3-AB53-78D413B7B2E3}.AppStore|ARM.Deploy.0 = Release|Any CPU
		{0C9730D7-1E29-4BD3-AB53-78D413B7B2E3}.AppStore|iPhone.ActiveCfg = Release|Any CPU
		{0C9730D7-1E29-4BD3-AB53-78D413B7B2E3}.AppStore|iPhone.Build.0 = Release|Any CPU
		{0C9730D7-1E29-4BD3-AB53-78D413B7B2E3}.AppStore|iPhone.Deploy.0 = Release|Any CPU
		{0C9730D7-1E29-4BD3-AB53-78D413B7B2E3}.AppStore|iPhoneSimulator.ActiveCfg = Release|Any CPU
		{0C9730D7-1E29-4BD3-AB53-78D413B7B2E3}.AppStore|iPhoneSimulator.Build.0 = Release|Any CPU
		{0C9730D7-1E29-4BD3-AB53-78D413B7B2E3}.AppStore|iPhoneSimulator.Deploy.0 = Release|Any CPU
		{0C9730D7-1E29-4BD3-AB53-78D413B7B2E3}.AppStore|x64.ActiveCfg = Release|Any CPU
		{0C9730D7-1E29-4BD3-AB53-78D413B7B2E3}.AppStore|x64.Build.0 = Release|Any CPU
		{0C9730D7-1E29-4BD3-AB53-78D413B7B2E3}.AppStore|x64.Deploy.0 = Release|Any CPU
		{0C9730D7-1E29-4BD3-AB53-78D413B7B2E3}.AppStore|x86.ActiveCfg = Release|Any CPU
		{0C9730D7-1E29-4BD3-AB53-78D413B7B2E3}.AppStore|x86.Build.0 = Release|Any CPU
		{0C9730D7-1E29-4BD3-AB53-78D413B7B2E3}.AppStore|x86.Deploy.0 = Release|Any CPU
		{0C9730D7-1E29-4BD3-AB53-78D413B7B2E3}.Debug|Any CPU.ActiveCfg = Debug|Any CPU
		{0C9730D7-1E29-4BD3-AB53-78D413B7B2E3}.Debug|Any CPU.Build.0 = Debug|Any CPU
		{0C9730D7-1E29-4BD3-AB53-78D413B7B2E3}.Debug|Any CPU.Deploy.0 = Debug|Any CPU
		{0C9730D7-1E29-4BD3-AB53-78D413B7B2E3}.Debug|ARM.ActiveCfg = Debug|Any CPU
		{0C9730D7-1E29-4BD3-AB53-78D413B7B2E3}.Debug|ARM.Build.0 = Debug|Any CPU
		{0C9730D7-1E29-4BD3-AB53-78D413B7B2E3}.Debug|ARM.Deploy.0 = Debug|Any CPU
		{0C9730D7-1E29-4BD3-AB53-78D413B7B2E3}.Debug|iPhone.ActiveCfg = Debug|Any CPU
		{0C9730D7-1E29-4BD3-AB53-78D413B7B2E3}.Debug|iPhone.Build.0 = Debug|Any CPU
		{0C9730D7-1E29-4BD3-AB53-78D413B7B2E3}.Debug|iPhone.Deploy.0 = Debug|Any CPU
		{0C9730D7-1E29-4BD3-AB53-78D413B7B2E3}.Debug|iPhoneSimulator.ActiveCfg = Debug|Any CPU
		{0C9730D7-1E29-4BD3-AB53-78D413B7B2E3}.Debug|iPhoneSimulator.Build.0 = Debug|Any CPU
		{0C9730D7-1E29-4BD3-AB53-78D413B7B2E3}.Debug|iPhoneSimulator.Deploy.0 = Debug|Any CPU
		{0C9730D7-1E29-4BD3-AB53-78D413B7B2E3}.Debug|x64.ActiveCfg = Debug|Any CPU
		{0C9730D7-1E29-4BD3-AB53-78D413B7B2E3}.Debug|x64.Build.0 = Debug|Any CPU
		{0C9730D7-1E29-4BD3-AB53-78D413B7B2E3}.Debug|x64.Deploy.0 = Debug|Any CPU
		{0C9730D7-1E29-4BD3-AB53-78D413B7B2E3}.Debug|x86.ActiveCfg = Debug|Any CPU
		{0C9730D7-1E29-4BD3-AB53-78D413B7B2E3}.Debug|x86.Build.0 = Debug|Any CPU
		{0C9730D7-1E29-4BD3-AB53-78D413B7B2E3}.Debug|x86.Deploy.0 = Debug|Any CPU
		{0C9730D7-1E29-4BD3-AB53-78D413B7B2E3}.Release|Any CPU.ActiveCfg = Release|Any CPU
		{0C9730D7-1E29-4BD3-AB53-78D413B7B2E3}.Release|Any CPU.Build.0 = Release|Any CPU
		{0C9730D7-1E29-4BD3-AB53-78D413B7B2E3}.Release|Any CPU.Deploy.0 = Release|Any CPU
		{0C9730D7-1E29-4BD3-AB53-78D413B7B2E3}.Release|ARM.ActiveCfg = Release|Any CPU
		{0C9730D7-1E29-4BD3-AB53-78D413B7B2E3}.Release|ARM.Build.0 = Release|Any CPU
		{0C9730D7-1E29-4BD3-AB53-78D413B7B2E3}.Release|ARM.Deploy.0 = Release|Any CPU
		{0C9730D7-1E29-4BD3-AB53-78D413B7B2E3}.Release|iPhone.ActiveCfg = Release|Any CPU
		{0C9730D7-1E29-4BD3-AB53-78D413B7B2E3}.Release|iPhone.Build.0 = Release|Any CPU
		{0C9730D7-1E29-4BD3-AB53-78D413B7B2E3}.Release|iPhone.Deploy.0 = Release|Any CPU
		{0C9730D7-1E29-4BD3-AB53-78D413B7B2E3}.Release|iPhoneSimulator.ActiveCfg = Release|Any CPU
		{0C9730D7-1E29-4BD3-AB53-78D413B7B2E3}.Release|iPhoneSimulator.Build.0 = Release|Any CPU
		{0C9730D7-1E29-4BD3-AB53-78D413B7B2E3}.Release|iPhoneSimulator.Deploy.0 = Release|Any CPU
		{0C9730D7-1E29-4BD3-AB53-78D413B7B2E3}.Release|x64.ActiveCfg = Release|Any CPU
		{0C9730D7-1E29-4BD3-AB53-78D413B7B2E3}.Release|x64.Build.0 = Release|Any CPU
		{0C9730D7-1E29-4BD3-AB53-78D413B7B2E3}.Release|x64.Deploy.0 = Release|Any CPU
		{0C9730D7-1E29-4BD3-AB53-78D413B7B2E3}.Release|x86.ActiveCfg = Release|Any CPU
		{0C9730D7-1E29-4BD3-AB53-78D413B7B2E3}.Release|x86.Build.0 = Release|Any CPU
		{0C9730D7-1E29-4BD3-AB53-78D413B7B2E3}.Release|x86.Deploy.0 = Release|Any CPU
		{F9A5A92E-82BF-4680-87EC-A53C5A0C946B}.Ad-Hoc|Any CPU.ActiveCfg = Release|Any CPU
		{F9A5A92E-82BF-4680-87EC-A53C5A0C946B}.Ad-Hoc|Any CPU.Build.0 = Release|Any CPU
		{F9A5A92E-82BF-4680-87EC-A53C5A0C946B}.Ad-Hoc|ARM.ActiveCfg = Release|Any CPU
		{F9A5A92E-82BF-4680-87EC-A53C5A0C946B}.Ad-Hoc|ARM.Build.0 = Release|Any CPU
		{F9A5A92E-82BF-4680-87EC-A53C5A0C946B}.Ad-Hoc|iPhone.ActiveCfg = Release|Any CPU
		{F9A5A92E-82BF-4680-87EC-A53C5A0C946B}.Ad-Hoc|iPhone.Build.0 = Release|Any CPU
		{F9A5A92E-82BF-4680-87EC-A53C5A0C946B}.Ad-Hoc|iPhoneSimulator.ActiveCfg = Release|Any CPU
		{F9A5A92E-82BF-4680-87EC-A53C5A0C946B}.Ad-Hoc|iPhoneSimulator.Build.0 = Release|Any CPU
		{F9A5A92E-82BF-4680-87EC-A53C5A0C946B}.Ad-Hoc|x64.ActiveCfg = Release|Any CPU
		{F9A5A92E-82BF-4680-87EC-A53C5A0C946B}.Ad-Hoc|x64.Build.0 = Release|Any CPU
		{F9A5A92E-82BF-4680-87EC-A53C5A0C946B}.Ad-Hoc|x86.ActiveCfg = Release|Any CPU
		{F9A5A92E-82BF-4680-87EC-A53C5A0C946B}.Ad-Hoc|x86.Build.0 = Release|Any CPU
		{F9A5A92E-82BF-4680-87EC-A53C5A0C946B}.AppStore|Any CPU.ActiveCfg = Release|Any CPU
		{F9A5A92E-82BF-4680-87EC-A53C5A0C946B}.AppStore|Any CPU.Build.0 = Release|Any CPU
		{F9A5A92E-82BF-4680-87EC-A53C5A0C946B}.AppStore|ARM.ActiveCfg = Release|Any CPU
		{F9A5A92E-82BF-4680-87EC-A53C5A0C946B}.AppStore|ARM.Build.0 = Release|Any CPU
		{F9A5A92E-82BF-4680-87EC-A53C5A0C946B}.AppStore|iPhone.ActiveCfg = Release|Any CPU
		{F9A5A92E-82BF-4680-87EC-A53C5A0C946B}.AppStore|iPhone.Build.0 = Release|Any CPU
		{F9A5A92E-82BF-4680-87EC-A53C5A0C946B}.AppStore|iPhoneSimulator.ActiveCfg = Release|Any CPU
		{F9A5A92E-82BF-4680-87EC-A53C5A0C946B}.AppStore|iPhoneSimulator.Build.0 = Release|Any CPU
		{F9A5A92E-82BF-4680-87EC-A53C5A0C946B}.AppStore|x64.ActiveCfg = Release|Any CPU
		{F9A5A92E-82BF-4680-87EC-A53C5A0C946B}.AppStore|x64.Build.0 = Release|Any CPU
		{F9A5A92E-82BF-4680-87EC-A53C5A0C946B}.AppStore|x86.ActiveCfg = Release|Any CPU
		{F9A5A92E-82BF-4680-87EC-A53C5A0C946B}.AppStore|x86.Build.0 = Release|Any CPU
		{F9A5A92E-82BF-4680-87EC-A53C5A0C946B}.Debug|Any CPU.ActiveCfg = Debug|Any CPU
		{F9A5A92E-82BF-4680-87EC-A53C5A0C946B}.Debug|Any CPU.Build.0 = Debug|Any CPU
		{F9A5A92E-82BF-4680-87EC-A53C5A0C946B}.Debug|ARM.ActiveCfg = Debug|Any CPU
		{F9A5A92E-82BF-4680-87EC-A53C5A0C946B}.Debug|ARM.Build.0 = Debug|Any CPU
		{F9A5A92E-82BF-4680-87EC-A53C5A0C946B}.Debug|iPhone.ActiveCfg = Debug|Any CPU
		{F9A5A92E-82BF-4680-87EC-A53C5A0C946B}.Debug|iPhone.Build.0 = Debug|Any CPU
		{F9A5A92E-82BF-4680-87EC-A53C5A0C946B}.Debug|iPhoneSimulator.ActiveCfg = Debug|Any CPU
		{F9A5A92E-82BF-4680-87EC-A53C5A0C946B}.Debug|iPhoneSimulator.Build.0 = Debug|Any CPU
		{F9A5A92E-82BF-4680-87EC-A53C5A0C946B}.Debug|x64.ActiveCfg = Debug|Any CPU
		{F9A5A92E-82BF-4680-87EC-A53C5A0C946B}.Debug|x64.Build.0 = Debug|Any CPU
		{F9A5A92E-82BF-4680-87EC-A53C5A0C946B}.Debug|x86.ActiveCfg = Debug|Any CPU
		{F9A5A92E-82BF-4680-87EC-A53C5A0C946B}.Debug|x86.Build.0 = Debug|Any CPU
		{F9A5A92E-82BF-4680-87EC-A53C5A0C946B}.Release|Any CPU.ActiveCfg = Release|Any CPU
		{F9A5A92E-82BF-4680-87EC-A53C5A0C946B}.Release|Any CPU.Build.0 = Release|Any CPU
		{F9A5A92E-82BF-4680-87EC-A53C5A0C946B}.Release|ARM.ActiveCfg = Release|Any CPU
		{F9A5A92E-82BF-4680-87EC-A53C5A0C946B}.Release|ARM.Build.0 = Release|Any CPU
		{F9A5A92E-82BF-4680-87EC-A53C5A0C946B}.Release|iPhone.ActiveCfg = Release|Any CPU
		{F9A5A92E-82BF-4680-87EC-A53C5A0C946B}.Release|iPhone.Build.0 = Release|Any CPU
		{F9A5A92E-82BF-4680-87EC-A53C5A0C946B}.Release|iPhoneSimulator.ActiveCfg = Release|Any CPU
		{F9A5A92E-82BF-4680-87EC-A53C5A0C946B}.Release|iPhoneSimulator.Build.0 = Release|Any CPU
		{F9A5A92E-82BF-4680-87EC-A53C5A0C946B}.Release|x64.ActiveCfg = Release|Any CPU
		{F9A5A92E-82BF-4680-87EC-A53C5A0C946B}.Release|x64.Build.0 = Release|Any CPU
		{F9A5A92E-82BF-4680-87EC-A53C5A0C946B}.Release|x86.ActiveCfg = Release|Any CPU
		{F9A5A92E-82BF-4680-87EC-A53C5A0C946B}.Release|x86.Build.0 = Release|Any CPU
		{ED49CB02-3C78-4EDF-B1CD-A839915951C8}.Ad-Hoc|Any CPU.ActiveCfg = Release|x86
		{ED49CB02-3C78-4EDF-B1CD-A839915951C8}.Ad-Hoc|Any CPU.Build.0 = Release|x86
		{ED49CB02-3C78-4EDF-B1CD-A839915951C8}.Ad-Hoc|Any CPU.Deploy.0 = Release|x86
		{ED49CB02-3C78-4EDF-B1CD-A839915951C8}.Ad-Hoc|ARM.ActiveCfg = Release|ARM
		{ED49CB02-3C78-4EDF-B1CD-A839915951C8}.Ad-Hoc|ARM.Build.0 = Release|ARM
		{ED49CB02-3C78-4EDF-B1CD-A839915951C8}.Ad-Hoc|ARM.Deploy.0 = Release|ARM
		{ED49CB02-3C78-4EDF-B1CD-A839915951C8}.Ad-Hoc|iPhone.ActiveCfg = Release|x86
		{ED49CB02-3C78-4EDF-B1CD-A839915951C8}.Ad-Hoc|iPhone.Build.0 = Release|x86
		{ED49CB02-3C78-4EDF-B1CD-A839915951C8}.Ad-Hoc|iPhone.Deploy.0 = Release|x86
		{ED49CB02-3C78-4EDF-B1CD-A839915951C8}.Ad-Hoc|iPhoneSimulator.ActiveCfg = Release|x86
		{ED49CB02-3C78-4EDF-B1CD-A839915951C8}.Ad-Hoc|iPhoneSimulator.Build.0 = Release|x86
		{ED49CB02-3C78-4EDF-B1CD-A839915951C8}.Ad-Hoc|iPhoneSimulator.Deploy.0 = Release|x86
		{ED49CB02-3C78-4EDF-B1CD-A839915951C8}.Ad-Hoc|x64.ActiveCfg = Release|x64
		{ED49CB02-3C78-4EDF-B1CD-A839915951C8}.Ad-Hoc|x64.Build.0 = Release|x64
		{ED49CB02-3C78-4EDF-B1CD-A839915951C8}.Ad-Hoc|x64.Deploy.0 = Release|x64
		{ED49CB02-3C78-4EDF-B1CD-A839915951C8}.Ad-Hoc|x86.ActiveCfg = Release|x86
		{ED49CB02-3C78-4EDF-B1CD-A839915951C8}.Ad-Hoc|x86.Build.0 = Release|x86
		{ED49CB02-3C78-4EDF-B1CD-A839915951C8}.Ad-Hoc|x86.Deploy.0 = Release|x86
		{ED49CB02-3C78-4EDF-B1CD-A839915951C8}.AppStore|Any CPU.ActiveCfg = Release|x86
		{ED49CB02-3C78-4EDF-B1CD-A839915951C8}.AppStore|Any CPU.Build.0 = Release|x86
		{ED49CB02-3C78-4EDF-B1CD-A839915951C8}.AppStore|Any CPU.Deploy.0 = Release|x86
		{ED49CB02-3C78-4EDF-B1CD-A839915951C8}.AppStore|ARM.ActiveCfg = Release|ARM
		{ED49CB02-3C78-4EDF-B1CD-A839915951C8}.AppStore|ARM.Build.0 = Release|ARM
		{ED49CB02-3C78-4EDF-B1CD-A839915951C8}.AppStore|ARM.Deploy.0 = Release|ARM
		{ED49CB02-3C78-4EDF-B1CD-A839915951C8}.AppStore|iPhone.ActiveCfg = Release|x86
		{ED49CB02-3C78-4EDF-B1CD-A839915951C8}.AppStore|iPhone.Build.0 = Release|x86
		{ED49CB02-3C78-4EDF-B1CD-A839915951C8}.AppStore|iPhone.Deploy.0 = Release|x86
		{ED49CB02-3C78-4EDF-B1CD-A839915951C8}.AppStore|iPhoneSimulator.ActiveCfg = Release|x86
		{ED49CB02-3C78-4EDF-B1CD-A839915951C8}.AppStore|iPhoneSimulator.Build.0 = Release|x86
		{ED49CB02-3C78-4EDF-B1CD-A839915951C8}.AppStore|iPhoneSimulator.Deploy.0 = Release|x86
		{ED49CB02-3C78-4EDF-B1CD-A839915951C8}.AppStore|x64.ActiveCfg = Release|x64
		{ED49CB02-3C78-4EDF-B1CD-A839915951C8}.AppStore|x64.Build.0 = Release|x64
		{ED49CB02-3C78-4EDF-B1CD-A839915951C8}.AppStore|x64.Deploy.0 = Release|x64
		{ED49CB02-3C78-4EDF-B1CD-A839915951C8}.AppStore|x86.ActiveCfg = Release|x86
		{ED49CB02-3C78-4EDF-B1CD-A839915951C8}.AppStore|x86.Build.0 = Release|x86
		{ED49CB02-3C78-4EDF-B1CD-A839915951C8}.AppStore|x86.Deploy.0 = Release|x86
		{ED49CB02-3C78-4EDF-B1CD-A839915951C8}.Debug|Any CPU.ActiveCfg = Debug|x86
		{ED49CB02-3C78-4EDF-B1CD-A839915951C8}.Debug|ARM.ActiveCfg = Debug|ARM
		{ED49CB02-3C78-4EDF-B1CD-A839915951C8}.Debug|ARM.Build.0 = Debug|ARM
		{ED49CB02-3C78-4EDF-B1CD-A839915951C8}.Debug|ARM.Deploy.0 = Debug|ARM
		{ED49CB02-3C78-4EDF-B1CD-A839915951C8}.Debug|iPhone.ActiveCfg = Debug|x86
		{ED49CB02-3C78-4EDF-B1CD-A839915951C8}.Debug|iPhoneSimulator.ActiveCfg = Debug|x86
		{ED49CB02-3C78-4EDF-B1CD-A839915951C8}.Debug|x64.ActiveCfg = Debug|x64
		{ED49CB02-3C78-4EDF-B1CD-A839915951C8}.Debug|x64.Build.0 = Debug|x64
		{ED49CB02-3C78-4EDF-B1CD-A839915951C8}.Debug|x64.Deploy.0 = Debug|x64
		{ED49CB02-3C78-4EDF-B1CD-A839915951C8}.Debug|x86.ActiveCfg = Debug|x86
		{ED49CB02-3C78-4EDF-B1CD-A839915951C8}.Debug|x86.Build.0 = Debug|x86
		{ED49CB02-3C78-4EDF-B1CD-A839915951C8}.Debug|x86.Deploy.0 = Debug|x86
		{ED49CB02-3C78-4EDF-B1CD-A839915951C8}.Release|Any CPU.ActiveCfg = Release|x86
		{ED49CB02-3C78-4EDF-B1CD-A839915951C8}.Release|ARM.ActiveCfg = Release|ARM
		{ED49CB02-3C78-4EDF-B1CD-A839915951C8}.Release|ARM.Build.0 = Release|ARM
		{ED49CB02-3C78-4EDF-B1CD-A839915951C8}.Release|ARM.Deploy.0 = Release|ARM
		{ED49CB02-3C78-4EDF-B1CD-A839915951C8}.Release|iPhone.ActiveCfg = Release|x86
		{ED49CB02-3C78-4EDF-B1CD-A839915951C8}.Release|iPhoneSimulator.ActiveCfg = Release|x86
		{ED49CB02-3C78-4EDF-B1CD-A839915951C8}.Release|x64.ActiveCfg = Release|x64
		{ED49CB02-3C78-4EDF-B1CD-A839915951C8}.Release|x64.Build.0 = Release|x64
		{ED49CB02-3C78-4EDF-B1CD-A839915951C8}.Release|x64.Deploy.0 = Release|x64
		{ED49CB02-3C78-4EDF-B1CD-A839915951C8}.Release|x86.ActiveCfg = Release|x86
		{ED49CB02-3C78-4EDF-B1CD-A839915951C8}.Release|x86.Build.0 = Release|x86
		{ED49CB02-3C78-4EDF-B1CD-A839915951C8}.Release|x86.Deploy.0 = Release|x86
		{C9C8CED0-2ED7-4476-AF2D-25651FCB0378}.Ad-Hoc|Any CPU.ActiveCfg = Ad-Hoc|iPhone
		{C9C8CED0-2ED7-4476-AF2D-25651FCB0378}.Ad-Hoc|ARM.ActiveCfg = Ad-Hoc|iPhone
		{C9C8CED0-2ED7-4476-AF2D-25651FCB0378}.Ad-Hoc|iPhone.ActiveCfg = Ad-Hoc|iPhone
		{C9C8CED0-2ED7-4476-AF2D-25651FCB0378}.Ad-Hoc|iPhone.Build.0 = Ad-Hoc|iPhone
		{C9C8CED0-2ED7-4476-AF2D-25651FCB0378}.Ad-Hoc|iPhoneSimulator.ActiveCfg = Ad-Hoc|iPhoneSimulator
		{C9C8CED0-2ED7-4476-AF2D-25651FCB0378}.Ad-Hoc|iPhoneSimulator.Build.0 = Ad-Hoc|iPhoneSimulator
		{C9C8CED0-2ED7-4476-AF2D-25651FCB0378}.Ad-Hoc|x64.ActiveCfg = Ad-Hoc|iPhone
		{C9C8CED0-2ED7-4476-AF2D-25651FCB0378}.Ad-Hoc|x86.ActiveCfg = Ad-Hoc|iPhone
		{C9C8CED0-2ED7-4476-AF2D-25651FCB0378}.AppStore|Any CPU.ActiveCfg = AppStore|iPhone
		{C9C8CED0-2ED7-4476-AF2D-25651FCB0378}.AppStore|ARM.ActiveCfg = AppStore|iPhone
		{C9C8CED0-2ED7-4476-AF2D-25651FCB0378}.AppStore|iPhone.ActiveCfg = AppStore|iPhone
		{C9C8CED0-2ED7-4476-AF2D-25651FCB0378}.AppStore|iPhone.Build.0 = AppStore|iPhone
		{C9C8CED0-2ED7-4476-AF2D-25651FCB0378}.AppStore|iPhoneSimulator.ActiveCfg = AppStore|iPhoneSimulator
		{C9C8CED0-2ED7-4476-AF2D-25651FCB0378}.AppStore|iPhoneSimulator.Build.0 = AppStore|iPhoneSimulator
		{C9C8CED0-2ED7-4476-AF2D-25651FCB0378}.AppStore|x64.ActiveCfg = AppStore|iPhone
		{C9C8CED0-2ED7-4476-AF2D-25651FCB0378}.AppStore|x86.ActiveCfg = AppStore|iPhone
		{C9C8CED0-2ED7-4476-AF2D-25651FCB0378}.Debug|Any CPU.ActiveCfg = Debug|iPhone
		{C9C8CED0-2ED7-4476-AF2D-25651FCB0378}.Debug|ARM.ActiveCfg = Debug|iPhone
		{C9C8CED0-2ED7-4476-AF2D-25651FCB0378}.Debug|iPhone.ActiveCfg = Debug|iPhone
		{C9C8CED0-2ED7-4476-AF2D-25651FCB0378}.Debug|iPhone.Build.0 = Debug|iPhone
		{C9C8CED0-2ED7-4476-AF2D-25651FCB0378}.Debug|iPhoneSimulator.ActiveCfg = Debug|iPhoneSimulator
		{C9C8CED0-2ED7-4476-AF2D-25651FCB0378}.Debug|iPhoneSimulator.Build.0 = Debug|iPhoneSimulator
		{C9C8CED0-2ED7-4476-AF2D-25651FCB0378}.Debug|x64.ActiveCfg = Debug|iPhone
		{C9C8CED0-2ED7-4476-AF2D-25651FCB0378}.Debug|x86.ActiveCfg = Debug|iPhone
		{C9C8CED0-2ED7-4476-AF2D-25651FCB0378}.Release|Any CPU.ActiveCfg = Release|iPhone
		{C9C8CED0-2ED7-4476-AF2D-25651FCB0378}.Release|ARM.ActiveCfg = Release|iPhone
		{C9C8CED0-2ED7-4476-AF2D-25651FCB0378}.Release|iPhone.ActiveCfg = Release|iPhone
		{C9C8CED0-2ED7-4476-AF2D-25651FCB0378}.Release|iPhone.Build.0 = Release|iPhone
		{C9C8CED0-2ED7-4476-AF2D-25651FCB0378}.Release|iPhoneSimulator.ActiveCfg = Release|iPhoneSimulator
		{C9C8CED0-2ED7-4476-AF2D-25651FCB0378}.Release|iPhoneSimulator.Build.0 = Release|iPhoneSimulator
		{C9C8CED0-2ED7-4476-AF2D-25651FCB0378}.Release|x64.ActiveCfg = Release|iPhone
		{C9C8CED0-2ED7-4476-AF2D-25651FCB0378}.Release|x86.ActiveCfg = Release|iPhone
	EndGlobalSection
	GlobalSection(SolutionProperties) = preSolution
		HideSolutionNode = FALSE
	EndGlobalSection
	GlobalSection(ExtensibilityGlobals) = postSolution
		SolutionGuid = {5E3B21BD-E61B-462A-B4BF-565CC124AC25}
	EndGlobalSection
EndGlobal
